
Microsoft Visual Studio Solution File, Format Version 12.00
# Visual Studio Version 16
VisualStudioVersion = 16.0.29020.237
MinimumVisualStudioVersion = 10.0.40219.1
Project("{FAE04EC0-301F-11D3-BF4B-00C04F79EFBC}") = "Calculadora", "Calculadora\Calculadora.csproj", "{C5E62CB9-87E0-4452-B4B3-E6D3A12A9E1E}"
EndProject
Global
	GlobalSection(SolutionConfigurationPlatforms) = preSolution
		Debug|Any CPU = Debug|Any CPU
		Release|Any CPU = Release|Any CPU
	EndGlobalSection
	GlobalSection(ProjectConfigurationPlatforms) = postSolution
		{C5E62CB9-87E0-4452-B4B3-E6D3A12A9E1E}.Debug|Any CPU.ActiveCfg = Debug|Any CPU
		{C5E62CB9-87E0-4452-B4B3-E6D3A12A9E1E}.Debug|Any CPU.Build.0 = Debug|Any CPU
		{C5E62CB9-87E0-4452-B4B3-E6D3A12A9E1E}.Release|Any CPU.ActiveCfg = Release|Any CPU
		{C5E62CB9-87E0-4452-B4B3-E6D3A12A9E1E}.Release|Any CPU.Build.0 = Release|Any CPU
	EndGlobalSection
	GlobalSection(SolutionProperties) = preSolution
		HideSolutionNode = FALSE
	EndGlobalSection
	GlobalSection(ExtensibilityGlobals) = postSolution
		SolutionGuid = {4C2B5A60-84FB-4A61-BA30-0B4AC6671B8D}
	EndGlobalSection
EndGlobal
